
Microsoft Visual Studio Solution File, Format Version 12.00
# Visual Studio Version 16
VisualStudioVersion = 16.0.32602.291
MinimumVisualStudioVersion = 10.0.40219.1
Project("{FAE04EC0-301F-11D3-BF4B-00C04F79EFBC}") = "Cap01", "Cap01\Cap01.csproj", "{D0048D49-EE7F-41F6-87ED-29E9F1E47158}"
EndProject
Global
	GlobalSection(SolutionConfigurationPlatforms) = preSolution
		Debug|Any CPU = Debug|Any CPU
		Release|Any CPU = Release|Any CPU
	EndGlobalSection
	GlobalSection(ProjectConfigurationPlatforms) = postSolution
		{D0048D49-EE7F-41F6-87ED-29E9F1E47158}.Debug|Any CPU.ActiveCfg = Debug|Any CPU
		{D0048D49-EE7F-41F6-87ED-29E9F1E47158}.Debug|Any CPU.Build.0 = Debug|Any CPU
		{D0048D49-EE7F-41F6-87ED-29E9F1E47158}.Release|Any CPU.ActiveCfg = Release|Any CPU
		{D0048D49-EE7F-41F6-87ED-29E9F1E47158}.Release|Any CPU.Build.0 = Release|Any CPU
	EndGlobalSection
	GlobalSection(SolutionProperties) = preSolution
		HideSolutionNode = FALSE
	EndGlobalSection
	GlobalSection(ExtensibilityGlobals) = postSolution
		SolutionGuid = {94D87789-47DC-440C-8704-32C8C6808F24}
	EndGlobalSection
EndGlobal
